
Microsoft Visual Studio Solution File, Format Version 12.00
# Visual Studio Version 16
VisualStudioVersion = 16.0.30413.136
MinimumVisualStudioVersion = 10.0.40219.1
Project("{9A19103F-16F7-4668-BE54-9A1E7A4F7556}") = "Systematizer.WPF", "Systematizer.WPF\Systematizer.WPF.csproj", "{66C71BEE-CC7B-4612-A0A9-6BC6B4621789}"
EndProject
Project("{9A19103F-16F7-4668-BE54-9A1E7A4F7556}") = "Systematizer.Common", "Systematizer.Common\Systematizer.Common.csproj", "{E76D1FC8-73DB-4769-BCF0-618C05E3AF8E}"
EndProject
Project("{2150E333-8FDC-42A3-9474-1A3956D46DE8}") = "Solution Items", "Solution Items", "{2D856341-D87D-4E98-A2B8-8EED643E2CCA}"
	ProjectSection(SolutionItems) = preProject
		.gitignore = .gitignore
		LICENSE = LICENSE
		README.md = README.md
		template.sqlite = template.sqlite
	EndProjectSection
EndProject
Global
	GlobalSection(SolutionConfigurationPlatforms) = preSolution
		Debug|Any CPU = Debug|Any CPU
		Debug|ARM = Debug|ARM
		Debug|ARM64 = Debug|ARM64
		Debug|iPhone = Debug|iPhone
		Debug|iPhoneSimulator = Debug|iPhoneSimulator
		Debug|x64 = Debug|x64
		Debug|x86 = Debug|x86
		Release|Any CPU = Release|Any CPU
		Release|ARM = Release|ARM
		Release|ARM64 = Release|ARM64
		Release|iPhone = Release|iPhone
		Release|iPhoneSimulator = Release|iPhoneSimulator
		Release|x64 = Release|x64
		Release|x86 = Release|x86
	EndGlobalSection
	GlobalSection(ProjectConfigurationPlatforms) = postSolution
		{66C71BEE-CC7B-4612-A0A9-6BC6B4621789}.Debug|Any CPU.ActiveCfg = Debug|Any CPU
		{66C71BEE-CC7B-4612-A0A9-6BC6B4621789}.Debug|Any CPU.Build.0 = Debug|Any CPU
		{66C71BEE-CC7B-4612-A0A9-6BC6B4621789}.Debug|ARM.ActiveCfg = Debug|Any CPU
		{66C71BEE-CC7B-4612-A0A9-6BC6B4621789}.Debug|ARM.Build.0 = Debug|Any CPU
		{66C71BEE-CC7B-4612-A0A9-6BC6B4621789}.Debug|ARM64.ActiveCfg = Debug|Any CPU
		{66C71BEE-CC7B-4612-A0A9-6BC6B4621789}.Debug|ARM64.Build.0 = Debug|Any CPU
		{66C71BEE-CC7B-4612-A0A9-6BC6B4621789}.Debug|iPhone.ActiveCfg = Debug|Any CPU
		{66C71BEE-CC7B-4612-A0A9-6BC6B4621789}.Debug|iPhone.Build.0 = Debug|Any CPU
		{66C71BEE-CC7B-4612-A0A9-6BC6B4621789}.Debug|iPhoneSimulator.ActiveCfg = Debug|Any CPU
		{66C71BEE-CC7B-4612-A0A9-6BC6B4621789}.Debug|iPhoneSimulator.Build.0 = Debug|Any CPU
		{66C71BEE-CC7B-4612-A0A9-6BC6B4621789}.Debug|x64.ActiveCfg = Debug|Any CPU
		{66C71BEE-CC7B-4612-A0A9-6BC6B4621789}.Debug|x64.Build.0 = Debug|Any CPU
		{66C71BEE-CC7B-4612-A0A9-6BC6B4621789}.Debug|x86.ActiveCfg = Debug|Any CPU
		{66C71BEE-CC7B-4612-A0A9-6BC6B4621789}.Debug|x86.Build.0 = Debug|Any CPU
		{66C71BEE-CC7B-4612-A0A9-6BC6B4621789}.Release|Any CPU.ActiveCfg = Release|Any CPU
		{66C71BEE-CC7B-4612-A0A9-6BC6B4621789}.Release|Any CPU.Build.0 = Release|Any CPU
		{66C71BEE-CC7B-4612-A0A9-6BC6B4621789}.Release|ARM.ActiveCfg = Release|Any CPU
		{66C71BEE-CC7B-4612-A0A9-6BC6B4621789}.Release|ARM.Build.0 = Release|Any CPU
		{66C71BEE-CC7B-4612-A0A9-6BC6B4621789}.Release|ARM64.ActiveCfg = Release|Any CPU
		{66C71BEE-CC7B-4612-A0A9-6BC6B4621789}.Release|ARM64.Build.0 = Release|Any CPU
		{66C71BEE-CC7B-4612-A0A9-6BC6B4621789}.Release|iPhone.ActiveCfg = Release|Any CPU
		{66C71BEE-CC7B-4612-A0A9-6BC6B4621789}.Release|iPhone.Build.0 = Release|Any CPU
		{66C71BEE-CC7B-4612-A0A9-6BC6B4621789}.Release|iPhoneSimulator.ActiveCfg = Release|Any CPU
		{66C71BEE-CC7B-4612-A0A9-6BC6B4621789}.Release|iPhoneSimulator.Build.0 = Release|Any CPU
		{66C71BEE-CC7B-4612-A0A9-6BC6B4621789}.Release|x64.ActiveCfg = Release|Any CPU
		{66C71BEE-CC7B-4612-A0A9-6BC6B4621789}.Release|x64.Build.0 = Release|Any CPU
		{66C71BEE-CC7B-4612-A0A9-6BC6B4621789}.Release|x86.ActiveCfg = Release|Any CPU
		{66C71BEE-CC7B-4612-A0A9-6BC6B4621789}.Release|x86.Build.0 = Release|Any CPU
		{E76D1FC8-73DB-4769-BCF0-618C05E3AF8E}.Debug|Any CPU.ActiveCfg = Debug|Any CPU
		{E76D1FC8-73DB-4769-BCF0-618C05E3AF8E}.Debug|Any CPU.Build.0 = Debug|Any CPU
		{E76D1FC8-73DB-4769-BCF0-618C05E3AF8E}.Debug|ARM.ActiveCfg = Debug|Any CPU
		{E76D1FC8-73DB-4769-BCF0-618C05E3AF8E}.Debug|ARM.Build.0 = Debug|Any CPU
		{E76D1FC8-73DB-4769-BCF0-618C05E3AF8E}.Debug|ARM64.ActiveCfg = Debug|Any CPU
		{E76D1FC8-73DB-4769-BCF0-618C05E3AF8E}.Debug|ARM64.Build.0 = Debug|Any CPU
		{E76D1FC8-73DB-4769-BCF0-618C05E3AF8E}.Debug|iPhone.ActiveCfg = Debug|Any CPU
		{E76D1FC8-73DB-4769-BCF0-618C05E3AF8E}.Debug|iPhone.Build.0 = Debug|Any CPU
		{E76D1FC8-73DB-4769-BCF0-618C05E3AF8E}.Debug|iPhoneSimulator.ActiveCfg = Debug|Any CPU
		{E76D1FC8-73DB-4769-BCF0-618C05E3AF8E}.Debug|iPhoneSimulator.Build.0 = Debug|Any CPU
		{E76D1FC8-73DB-4769-BCF0-618C05E3AF8E}.Debug|x64.ActiveCfg = Debug|Any CPU
		{E76D1FC8-73DB-4769-BCF0-618C05E3AF8E}.Debug|x64.Build.0 = Debug|Any CPU
		{E76D1FC8-73DB-4769-BCF0-618C05E3AF8E}.Debug|x86.ActiveCfg = Debug|Any CPU
		{E76D1FC8-73DB-4769-BCF0-618C05E3AF8E}.Debug|x86.Build.0 = Debug|Any CPU
		{E76D1FC8-73DB-4769-BCF0-618C05E3AF8E}.Release|Any CPU.ActiveCfg = Release|Any CPU
		{E76D1FC8-73DB-4769-BCF0-618C05E3AF8E}.Release|Any CPU.Build.0 = Release|Any CPU
		{E76D1FC8-73DB-4769-BCF0-618C05E3AF8E}.Release|ARM.ActiveCfg = Release|Any CPU
		{E76D1FC8-73DB-4769-BCF0-618C05E3AF8E}.Release|ARM.Build.0 = Release|Any CPU
		{E76D1FC8-73DB-4769-BCF0-618C05E3AF8E}.Release|ARM64.ActiveCfg = Release|Any CPU
		{E76D1FC8-73DB-4769-BCF0-618C05E3AF8E}.Release|ARM64.Build.0 = Release|Any CPU
		{E76D1FC8-73DB-4769-BCF0-618C05E3AF8E}.Release|iPhone.ActiveCfg = Release|Any CPU
		{E76D1FC8-73DB-4769-BCF0-618C05E3AF8E}.Release|iPhone.Build.0 = Release|Any CPU
		{E76D1FC8-73DB-4769-BCF0-618C05E3AF8E}.Release|iPhoneSimulator.ActiveCfg = Release|Any CPU
		{E76D1FC8-73DB-4769-BCF0-618C05E3AF8E}.Release|iPhoneSimulator.Build.0 = Release|Any CPU
		{E76D1FC8-73DB-4769-BCF0-618C05E3AF8E}.Release|x64.ActiveCfg = Release|Any CPU
		{E76D1FC8-73DB-4769-BCF0-618C05E3AF8E}.Release|x64.Build.0 = Release|Any CPU
		{E76D1FC8-73DB-4769-BCF0-618C05E3AF8E}.Release|x86.ActiveCfg = Release|Any CPU
		{E76D1FC8-73DB-4769-BCF0-618C05E3AF8E}.Release|x86.Build.0 = Release|Any CPU
	EndGlobalSection
	GlobalSection(SolutionProperties) = preSolution
		HideSolutionNode = FALSE
	EndGlobalSection
	GlobalSection(ExtensibilityGlobals) = postSolution
		SolutionGuid = {D713A055-2D8B-4036-80AD-B2BE241F4E53}
	EndGlobalSection
EndGlobal
